
Microsoft Visual Studio Solution File, Format Version 12.00
# Visual Studio Version 17
VisualStudioVersion = 17.7.34031.279
MinimumVisualStudioVersion = 10.0.40219.1
Project("{8BC9CEB8-8B4A-11D0-8D11-00A0C91BC942}") = "FOUR FUNCTION CALCULATOR", "FOUR FUNCTION CALCULATOR.vcxproj", "{03831654-2E4A-492F-8DF8-B2FC28BD7D39}"
EndProject
Global
	GlobalSection(SolutionConfigurationPlatforms) = preSolution
		Debug|x64 = Debug|x64
		Debug|x86 = Debug|x86
		Release|x64 = Release|x64
		Release|x86 = Release|x86
	EndGlobalSection
	GlobalSection(ProjectConfigurationPlatforms) = postSolution
		{03831654-2E4A-492F-8DF8-B2FC28BD7D39}.Debug|x64.ActiveCfg = Debug|x64
		{03831654-2E4A-492F-8DF8-B2FC28BD7D39}.Debug|x64.Build.0 = Debug|x64
		{03831654-2E4A-492F-8DF8-B2FC28BD7D39}.Debug|x86.ActiveCfg = Debug|Win32
		{03831654-2E4A-492F-8DF8-B2FC28BD7D39}.Debug|x86.Build.0 = Debug|Win32
		{03831654-2E4A-492F-8DF8-B2FC28BD7D39}.Release|x64.ActiveCfg = Release|x64
		{03831654-2E4A-492F-8DF8-B2FC28BD7D39}.Release|x64.Build.0 = Release|x64
		{03831654-2E4A-492F-8DF8-B2FC28BD7D39}.Release|x86.ActiveCfg = Release|Win32
		{03831654-2E4A-492F-8DF8-B2FC28BD7D39}.Release|x86.Build.0 = Release|Win32
	EndGlobalSection
	GlobalSection(SolutionProperties) = preSolution
		HideSolutionNode = FALSE
	EndGlobalSection
	GlobalSection(ExtensibilityGlobals) = postSolution
		SolutionGuid = {2CC3F138-397B-4E13-9885-C2AF40EE3A56}
	EndGlobalSection
EndGlobal
